
Microsoft Visual Studio Solution File, Format Version 12.00
# Visual Studio 2012
Project("{FAE04EC0-301F-11D3-BF4B-00C04F79EFBC}") = "PSC_HRM.Win", "PSC_HRM.Win\PSC_HRM.Win.csproj", "{D05D93DF-312D-4D4E-B980-726871EC7833}"
EndProject
Project("{FAE04EC0-301F-11D3-BF4B-00C04F79EFBC}") = "PSC_HRM.Module.ThuNhap", "PSC_HRM.Module.ThuNhap\PSC_HRM.Module.ThuNhap.csproj", "{B9EF03FF-D05B-4FD4-A8E9-F90D819CB1DC}"
EndProject
Project("{FAE04EC0-301F-11D3-BF4B-00C04F79EFBC}") = "PSC_NormalizationData", "PSC_NormalizationData\PSC_NormalizationData.csproj", "{3D0EB9B6-0B76-42CF-842E-EBB5D7EF3D4A}"
EndProject
Project("{FAE04EC0-301F-11D3-BF4B-00C04F79EFBC}") = "PSC_HRM.Module", "PSC_HRM.Module\PSC_HRM.Module.csproj", "{5F15837D-D1E5-44DC-92F0-4F2EBE9C3F8D}"
EndProject
Project("{FAE04EC0-301F-11D3-BF4B-00C04F79EFBC}") = "PSC_HRM.Module.Win", "PSC_HRM.Module.Win\PSC_HRM.Module.Win.csproj", "{7964F87D-BC5D-4C4E-8B2F-71E89739AA97}"
EndProject
Project("{FAE04EC0-301F-11D3-BF4B-00C04F79EFBC}") = "PSC_HRM.Module.PMS", "PSC_HRM.Module.PMS\PSC_HRM.Module.PMS.csproj", "{7A75F616-F539-40CB-9B01-944E1C5A7343}"
EndProject
Global
	GlobalSection(SolutionConfigurationPlatforms) = preSolution
		Debug|Any CPU = Debug|Any CPU
		Debug|x64 = Debug|x64
		Debug|x86 = Debug|x86
		EasyTest|Any CPU = EasyTest|Any CPU
		EasyTest|x64 = EasyTest|x64
		EasyTest|x86 = EasyTest|x86
		Release|Any CPU = Release|Any CPU
		Release|x64 = Release|x64
		Release|x86 = Release|x86
	EndGlobalSection
	GlobalSection(ProjectConfigurationPlatforms) = postSolution
		{D05D93DF-312D-4D4E-B980-726871EC7833}.Debug|Any CPU.ActiveCfg = Debug|Any CPU
		{D05D93DF-312D-4D4E-B980-726871EC7833}.Debug|Any CPU.Build.0 = Debug|Any CPU
		{D05D93DF-312D-4D4E-B980-726871EC7833}.Debug|x64.ActiveCfg = Debug|Any CPU
		{D05D93DF-312D-4D4E-B980-726871EC7833}.Debug|x86.ActiveCfg = Debug|Any CPU
		{D05D93DF-312D-4D4E-B980-726871EC7833}.EasyTest|Any CPU.ActiveCfg = EasyTest|Any CPU
		{D05D93DF-312D-4D4E-B980-726871EC7833}.EasyTest|Any CPU.Build.0 = EasyTest|Any CPU
		{D05D93DF-312D-4D4E-B980-726871EC7833}.EasyTest|x64.ActiveCfg = EasyTest|Any CPU
		{D05D93DF-312D-4D4E-B980-726871EC7833}.EasyTest|x86.ActiveCfg = EasyTest|Any CPU
		{D05D93DF-312D-4D4E-B980-726871EC7833}.Release|Any CPU.ActiveCfg = Release|Any CPU
		{D05D93DF-312D-4D4E-B980-726871EC7833}.Release|Any CPU.Build.0 = Release|Any CPU
		{D05D93DF-312D-4D4E-B980-726871EC7833}.Release|x64.ActiveCfg = Release|Any CPU
		{D05D93DF-312D-4D4E-B980-726871EC7833}.Release|x86.ActiveCfg = Release|Any CPU
		{B9EF03FF-D05B-4FD4-A8E9-F90D819CB1DC}.Debug|Any CPU.ActiveCfg = Debug|Any CPU
		{B9EF03FF-D05B-4FD4-A8E9-F90D819CB1DC}.Debug|Any CPU.Build.0 = Debug|Any CPU
		{B9EF03FF-D05B-4FD4-A8E9-F90D819CB1DC}.Debug|x64.ActiveCfg = Debug|Any CPU
		{B9EF03FF-D05B-4FD4-A8E9-F90D819CB1DC}.Debug|x86.ActiveCfg = Debug|Any CPU
		{B9EF03FF-D05B-4FD4-A8E9-F90D819CB1DC}.EasyTest|Any CPU.ActiveCfg = Release|Any CPU
		{B9EF03FF-D05B-4FD4-A8E9-F90D819CB1DC}.EasyTest|Any CPU.Build.0 = Release|Any CPU
		{B9EF03FF-D05B-4FD4-A8E9-F90D819CB1DC}.EasyTest|x64.ActiveCfg = Release|Any CPU
		{B9EF03FF-D05B-4FD4-A8E9-F90D819CB1DC}.EasyTest|x86.ActiveCfg = Release|Any CPU
		{B9EF03FF-D05B-4FD4-A8E9-F90D819CB1DC}.Release|Any CPU.ActiveCfg = Release|Any CPU
		{B9EF03FF-D05B-4FD4-A8E9-F90D819CB1DC}.Release|Any CPU.Build.0 = Release|Any CPU
		{B9EF03FF-D05B-4FD4-A8E9-F90D819CB1DC}.Release|x64.ActiveCfg = Release|Any CPU
		{B9EF03FF-D05B-4FD4-A8E9-F90D819CB1DC}.Release|x86.ActiveCfg = Release|Any CPU
		{3D0EB9B6-0B76-42CF-842E-EBB5D7EF3D4A}.Debug|Any CPU.ActiveCfg = Debug|Any CPU
		{3D0EB9B6-0B76-42CF-842E-EBB5D7EF3D4A}.Debug|Any CPU.Build.0 = Debug|Any CPU
		{3D0EB9B6-0B76-42CF-842E-EBB5D7EF3D4A}.Debug|x64.ActiveCfg = Debug|Any CPU
		{3D0EB9B6-0B76-42CF-842E-EBB5D7EF3D4A}.Debug|x86.ActiveCfg = Debug|Any CPU
		{3D0EB9B6-0B76-42CF-842E-EBB5D7EF3D4A}.EasyTest|Any CPU.ActiveCfg = Release|Any CPU
		{3D0EB9B6-0B76-42CF-842E-EBB5D7EF3D4A}.EasyTest|Any CPU.Build.0 = Release|Any CPU
		{3D0EB9B6-0B76-42CF-842E-EBB5D7EF3D4A}.EasyTest|x64.ActiveCfg = Release|Any CPU
		{3D0EB9B6-0B76-42CF-842E-EBB5D7EF3D4A}.EasyTest|x86.ActiveCfg = Release|Any CPU
		{3D0EB9B6-0B76-42CF-842E-EBB5D7EF3D4A}.Release|Any CPU.ActiveCfg = Release|Any CPU
		{3D0EB9B6-0B76-42CF-842E-EBB5D7EF3D4A}.Release|Any CPU.Build.0 = Release|Any CPU
		{3D0EB9B6-0B76-42CF-842E-EBB5D7EF3D4A}.Release|x64.ActiveCfg = Release|Any CPU
		{3D0EB9B6-0B76-42CF-842E-EBB5D7EF3D4A}.Release|x86.ActiveCfg = Release|Any CPU
		{5F15837D-D1E5-44DC-92F0-4F2EBE9C3F8D}.Debug|Any CPU.ActiveCfg = Debug|Any CPU
		{5F15837D-D1E5-44DC-92F0-4F2EBE9C3F8D}.Debug|Any CPU.Build.0 = Debug|Any CPU
		{5F15837D-D1E5-44DC-92F0-4F2EBE9C3F8D}.Debug|x64.ActiveCfg = Debug|x64
		{5F15837D-D1E5-44DC-92F0-4F2EBE9C3F8D}.Debug|x64.Build.0 = Debug|x64
		{5F15837D-D1E5-44DC-92F0-4F2EBE9C3F8D}.Debug|x86.ActiveCfg = Debug|x86
		{5F15837D-D1E5-44DC-92F0-4F2EBE9C3F8D}.Debug|x86.Build.0 = Debug|x86
		{5F15837D-D1E5-44DC-92F0-4F2EBE9C3F8D}.EasyTest|Any CPU.ActiveCfg = EasyTest|Any CPU
		{5F15837D-D1E5-44DC-92F0-4F2EBE9C3F8D}.EasyTest|Any CPU.Build.0 = EasyTest|Any CPU
		{5F15837D-D1E5-44DC-92F0-4F2EBE9C3F8D}.EasyTest|x64.ActiveCfg = EasyTest|x64
		{5F15837D-D1E5-44DC-92F0-4F2EBE9C3F8D}.EasyTest|x64.Build.0 = EasyTest|x64
		{5F15837D-D1E5-44DC-92F0-4F2EBE9C3F8D}.EasyTest|x86.ActiveCfg = EasyTest|x86
		{5F15837D-D1E5-44DC-92F0-4F2EBE9C3F8D}.EasyTest|x86.Build.0 = EasyTest|x86
		{5F15837D-D1E5-44DC-92F0-4F2EBE9C3F8D}.Release|Any CPU.ActiveCfg = Release|Any CPU
		{5F15837D-D1E5-44DC-92F0-4F2EBE9C3F8D}.Release|Any CPU.Build.0 = Release|Any CPU
		{5F15837D-D1E5-44DC-92F0-4F2EBE9C3F8D}.Release|x64.ActiveCfg = Release|x64
		{5F15837D-D1E5-44DC-92F0-4F2EBE9C3F8D}.Release|x64.Build.0 = Release|x64
		{5F15837D-D1E5-44DC-92F0-4F2EBE9C3F8D}.Release|x86.ActiveCfg = Release|x86
		{5F15837D-D1E5-44DC-92F0-4F2EBE9C3F8D}.Release|x86.Build.0 = Release|x86
		{7964F87D-BC5D-4C4E-8B2F-71E89739AA97}.Debug|Any CPU.ActiveCfg = Debug|Any CPU
		{7964F87D-BC5D-4C4E-8B2F-71E89739AA97}.Debug|Any CPU.Build.0 = Debug|Any CPU
		{7964F87D-BC5D-4C4E-8B2F-71E89739AA97}.Debug|x64.ActiveCfg = Debug|x64
		{7964F87D-BC5D-4C4E-8B2F-71E89739AA97}.Debug|x64.Build.0 = Debug|x64
		{7964F87D-BC5D-4C4E-8B2F-71E89739AA97}.Debug|x86.ActiveCfg = Debug|x86
		{7964F87D-BC5D-4C4E-8B2F-71E89739AA97}.Debug|x86.Build.0 = Debug|x86
		{7964F87D-BC5D-4C4E-8B2F-71E89739AA97}.EasyTest|Any CPU.ActiveCfg = EasyTest|Any CPU
		{7964F87D-BC5D-4C4E-8B2F-71E89739AA97}.EasyTest|Any CPU.Build.0 = EasyTest|Any CPU
		{7964F87D-BC5D-4C4E-8B2F-71E89739AA97}.EasyTest|x64.ActiveCfg = EasyTest|x64
		{7964F87D-BC5D-4C4E-8B2F-71E89739AA97}.EasyTest|x64.Build.0 = EasyTest|x64
		{7964F87D-BC5D-4C4E-8B2F-71E89739AA97}.EasyTest|x86.ActiveCfg = EasyTest|x86
		{7964F87D-BC5D-4C4E-8B2F-71E89739AA97}.EasyTest|x86.Build.0 = EasyTest|x86
		{7964F87D-BC5D-4C4E-8B2F-71E89739AA97}.Release|Any CPU.ActiveCfg = Release|Any CPU
		{7964F87D-BC5D-4C4E-8B2F-71E89739AA97}.Release|Any CPU.Build.0 = Release|Any CPU
		{7964F87D-BC5D-4C4E-8B2F-71E89739AA97}.Release|x64.ActiveCfg = Release|x64
		{7964F87D-BC5D-4C4E-8B2F-71E89739AA97}.Release|x64.Build.0 = Release|x64
		{7964F87D-BC5D-4C4E-8B2F-71E89739AA97}.Release|x86.ActiveCfg = Release|x86
		{7964F87D-BC5D-4C4E-8B2F-71E89739AA97}.Release|x86.Build.0 = Release|x86
		{7A75F616-F539-40CB-9B01-944E1C5A7343}.Debug|Any CPU.ActiveCfg = Debug|Any CPU
		{7A75F616-F539-40CB-9B01-944E1C5A7343}.Debug|Any CPU.Build.0 = Debug|Any CPU
		{7A75F616-F539-40CB-9B01-944E1C5A7343}.Debug|x64.ActiveCfg = Debug|Any CPU
		{7A75F616-F539-40CB-9B01-944E1C5A7343}.Debug|x86.ActiveCfg = Debug|Any CPU
		{7A75F616-F539-40CB-9B01-944E1C5A7343}.EasyTest|Any CPU.ActiveCfg = EasyTest|Any CPU
		{7A75F616-F539-40CB-9B01-944E1C5A7343}.EasyTest|Any CPU.Build.0 = EasyTest|Any CPU
		{7A75F616-F539-40CB-9B01-944E1C5A7343}.EasyTest|x64.ActiveCfg = EasyTest|Any CPU
		{7A75F616-F539-40CB-9B01-944E1C5A7343}.EasyTest|x86.ActiveCfg = EasyTest|Any CPU
		{7A75F616-F539-40CB-9B01-944E1C5A7343}.Release|Any CPU.ActiveCfg = Release|Any CPU
		{7A75F616-F539-40CB-9B01-944E1C5A7343}.Release|Any CPU.Build.0 = Release|Any CPU
		{7A75F616-F539-40CB-9B01-944E1C5A7343}.Release|x64.ActiveCfg = Release|Any CPU
		{7A75F616-F539-40CB-9B01-944E1C5A7343}.Release|x86.ActiveCfg = Release|Any CPU
	EndGlobalSection
	GlobalSection(SolutionProperties) = preSolution
		HideSolutionNode = FALSE
	EndGlobalSection
EndGlobal
